[[package]]
name = 'core'
source = 'path+from-root-56CBD671DED0A584'
dependencies = []

[[package]]
name = 'std'
source = 'git+https://github.com/fuellabs/sway?tag=v0.18.1#3bd8eaf4a0f11a3009c9421100cc06c2e897b6c2'
dependencies = ['core']

[[package]]
name = 'swaymigo'
source = 'path+from-root-0B2944DF4C13FC4E'
dependencies = ['std']

[[package]]
name = 'test_merkle_proof'
source = 'root'
dependencies = [
    'std',
    'swaymigo',
]
