[[package]]
name = 'core'
source = 'path+from-root-3B0F13309DB8CFBA'
dependencies = []

[[package]]
name = 'std'
source = 'git+https://github.com/fuellabs/sway?tag=v0.24.3#95cd150cacef407a1f30c89899c539b0d57f099d'
dependencies = ['core']

[[package]]
name = 'swaymigo'
source = 'path+from-root-0B2944DF4C13FC4E'
dependencies = ['std']

[[package]]
name = 'test_merkle_proof'
source = 'root'
dependencies = [
    'std',
    'swaymigo',
]
