[[package]]
name = 'core'
source = 'path+from-root-A06C4963AA38181F'
dependencies = []

[[package]]
name = 'std'
source = 'git+https://github.com/fuellabs/sway?tag=v0.15.2#eab07e48bc6dbd0c80aedc1e363bb63a6d5f0e28'
dependencies = ['core']

[[package]]
name = 'swaymigo'
source = 'path+from-root-0B2944DF4C13FC4E'
dependencies = ['std']

[[package]]
name = 'test_merkle_proof'
source = 'root'
dependencies = [
    'std',
    'swaymigo',
]
