[[package]]
name = 'core'
source = 'path+from-root-8301F3F92B005965'
dependencies = []

[[package]]
name = 'std'
source = 'git+https://github.com/fuellabs/sway?tag=v0.16.2#7920330d34c97cf418b6d0e1561f978068158228'
dependencies = ['core']

[[package]]
name = 'swaymigo'
source = 'path+from-root-E92335272A8CBC15'
dependencies = ['std']

[[package]]
name = 'test_non_fungible_token'
source = 'root'
dependencies = [
    'std',
    'swaymigo',
]
