[[package]]
name = 'core'
source = 'path+from-root-A5A9AFB187495FC2'

[[package]]
name = 'std'
source = 'git+https://github.com/fuellabs/sway?tag=v0.31.3#12ad8423811d566972dd75fbb954cdb95afde8d8'
dependencies = ['core']

[[package]]
name = 'swaymigo'
source = 'path+from-root-07178826271E05BD'
dependencies = ['std']

[[package]]
name = 'test_ledger_fungible_token'
source = 'member'
dependencies = [
    'std',
    'swaymigo',
]
